
Microsoft Visual Studio Solution File, Format Version 10.00
# Visual Studio 2008
# SharpDevelop 3.2.1.6466
Project("{FAE04EC0-301F-11D3-BF4B-00C04F79EFBC}") = "CommonLang", "CommonLang\CommonLang.csproj", "{B8746444-F0BF-498E-B6B8-D808AE91634E}"
EndProject
Global
	GlobalSection(SolutionConfigurationPlatforms) = preSolution
		Debug|Any CPU = Debug|Any CPU
		Release|Any CPU = Release|Any CPU
	EndGlobalSection
	GlobalSection(ProjectConfigurationPlatforms) = postSolution
		{B8746444-F0BF-498E-B6B8-D808AE91634E}.Debug|Any CPU.Build.0 = Debug|Any CPU
		{B8746444-F0BF-498E-B6B8-D808AE91634E}.Debug|Any CPU.ActiveCfg = Debug|Any CPU
		{B8746444-F0BF-498E-B6B8-D808AE91634E}.Release|Any CPU.Build.0 = Release|Any CPU
		{B8746444-F0BF-498E-B6B8-D808AE91634E}.Release|Any CPU.ActiveCfg = Release|Any CPU
	EndGlobalSection
EndGlobal
